// !$*UTF8*$!
{
	archiveVersion = 1;
	classes = {
	};
	objectVersion = 46;
	objects = {

/* Begin PBXBuildFile section */
		12B661F714851C230CDB1D01 /* Pods_rabbithouse.framework in Frameworks */ = {isa = PBXBuildFile; fileRef = 3AC71AF1247DBC053672D7AE /* Pods_rabbithouse.framework */; };
		6B166CD51E4714EA00E036A1 /* Fabric.framework in Frameworks */ = {isa = PBXBuildFile; fileRef = 6B166CD11E4714EA00E036A1 /* Fabric.framework */; };
		6B166CD61E4714EA00E036A1 /* TwitterKit.framework in Frameworks */ = {isa = PBXBuildFile; fileRef = 6B166CD21E4714EA00E036A1 /* TwitterKit.framework */; };
		6B166CD71E4714EA00E036A1 /* TwitterKitResources.bundle in Resources */ = {isa = PBXBuildFile; fileRef = 6B166CD31E4714EA00E036A1 /* TwitterKitResources.bundle */; };
		6B166CD81E4714EA00E036A1 /* TwitterCore.framework in Frameworks */ = {isa = PBXBuildFile; fileRef = 6B166CD41E4714EA00E036A1 /* TwitterCore.framework */; };
		6BCA74D51E471301007C68AF /* AppDelegate.swift in Sources */ = {isa = PBXBuildFile; fileRef = 6BCA74D41E471301007C68AF /* AppDelegate.swift */; };
		6BCA74D71E471301007C68AF /* ViewController.swift in Sources */ = {isa = PBXBuildFile; fileRef = 6BCA74D61E471301007C68AF /* ViewController.swift */; };
		6BCA74DA1E471302007C68AF /* Main.storyboard in Resources */ = {isa = PBXBuildFile; fileRef = 6BCA74D81E471302007C68AF /* Main.storyboard */; };
		6BCA74DC1E471302007C68AF /* Assets.xcassets in Resources */ = {isa = PBXBuildFile; fileRef = 6BCA74DB1E471302007C68AF /* Assets.xcassets */; };
		6BCA74DF1E471302007C68AF /* LaunchScreen.storyboard in Resources */ = {isa = PBXBuildFile; fileRef = 6BCA74DD1E471302007C68AF /* LaunchScreen.storyboard */; };
		6BCA74EA1E471302007C68AF /* rabbithouseTests.swift in Sources */ = {isa = PBXBuildFile; fileRef = 6BCA74E91E471302007C68AF /* rabbithouseTests.swift */; };
		6BCA74F51E471302007C68AF /* rabbithouseUITests.swift in Sources */ = {isa = PBXBuildFile; fileRef = 6BCA74F41E471302007C68AF /* rabbithouseUITests.swift */; };
		9C9EA52A2EE04A4E820945A3 /* Pods_rabbithouseTests.framework in Frameworks */ = {isa = PBXBuildFile; fileRef = ADD56EB5F23169DB69EDAAB0 /* Pods_rabbithouseTests.framework */; };
		E2315C3740B2DE7128AE47F9 /* Pods_rabbithouseUITests.framework in Frameworks */ = {isa = PBXBuildFile; fileRef = 552F4574285CCA8BFD0A3AB7 /* Pods_rabbithouseUITests.framework */; };
/* End PBXBuildFile section */

/* Begin PBXContainerItemProxy section */
		6BCA74E61E471302007C68AF /* PBXContainerItemProxy */ = {
			isa = PBXContainerItemProxy;
			containerPortal = 6BCA74C91E471301007C68AF /* Project object */;
			proxyType = 1;
			remoteGlobalIDString = 6BCA74D01E471301007C68AF;
			remoteInfo = rabbithouse;
		};
		6BCA74F11E471302007C68AF /* PBXContainerItemProxy */ = {
			isa = PBXContainerItemProxy;
			containerPortal = 6BCA74C91E471301007C68AF /* Project object */;
			proxyType = 1;
			remoteGlobalIDString = 6BCA74D01E471301007C68AF;
			remoteInfo = rabbithouse;
		};
/* End PBXContainerItemProxy section */

/* Begin PBXFileReference section */
		1DFD5C62B1DB93AD0737F863 /* Pods-rabbithouse.release.xcconfig */ = {isa = PBXFileReference; includeInIndex = 1; lastKnownFileType = text.xcconfig; name = "Pods-rabbithouse.release.xcconfig"; path = "Pods/Target Support Files/Pods-rabbithouse/Pods-rabbithouse.release.xcconfig"; sourceTree = "<group>"; };
		1ED664F7072B55EF5D0FA1A2 /* Pods-rabbithouseTests.debug.xcconfig */ = {isa = PBXFileReference; includeInIndex = 1; lastKnownFileType = text.xcconfig; name = "Pods-rabbithouseTests.debug.xcconfig"; path = "Pods/Target Support Files/Pods-rabbithouseTests/Pods-rabbithouseTests.debug.xcconfig"; sourceTree = "<group>"; };
		3642117480BE3D45C347B8B3 /* Pods-rabbithouse.debug.xcconfig */ = {isa = PBXFileReference; includeInIndex = 1; lastKnownFileType = text.xcconfig; name = "Pods-rabbithouse.debug.xcconfig"; path = "Pods/Target Support Files/Pods-rabbithouse/Pods-rabbithouse.debug.xcconfig"; sourceTree = "<group>"; };
		3AC71AF1247DBC053672D7AE /* Pods_rabbithouse.framework */ = {isa = PBXFileReference; explicitFileType = wrapper.framework; includeInIndex = 0; path = Pods_rabbithouse.framework; sourceTree = BUILT_PRODUCTS_DIR; };
		4C89801EDE13DCE736E0F327 /* Pods-rabbithouseTests.release.xcconfig */ = {isa = PBXFileReference; includeInIndex = 1; lastKnownFileType = text.xcconfig; name = "Pods-rabbithouseTests.release.xcconfig"; path = "Pods/Target Support Files/Pods-rabbithouseTests/Pods-rabbithouseTests.release.xcconfig"; sourceTree = "<group>"; };
		552F4574285CCA8BFD0A3AB7 /* Pods_rabbithouseUITests.framework */ = {isa = PBXFileReference; explicitFileType = wrapper.framework; includeInIndex = 0; path = Pods_rabbithouseUITests.framework; sourceTree = BUILT_PRODUCTS_DIR; };
		566E8B8BDA8F818D5E8829B4 /* Pods-rabbithouseUITests.debug.xcconfig */ = {isa = PBXFileReference; includeInIndex = 1; lastKnownFileType = text.xcconfig; name = "Pods-rabbithouseUITests.debug.xcconfig"; path = "Pods/Target Support Files/Pods-rabbithouseUITests/Pods-rabbithouseUITests.debug.xcconfig"; sourceTree = "<group>"; };
		6B166CD11E4714EA00E036A1 /* Fabric.framework */ = {isa = PBXFileReference; lastKnownFileType = wrapper.framework; path = Fabric.framework; sourceTree = "<group>"; };
		6B166CD21E4714EA00E036A1 /* TwitterKit.framework */ = {isa = PBXFileReference; lastKnownFileType = wrapper.framework; path = TwitterKit.framework; sourceTree = "<group>"; };
		6B166CD31E4714EA00E036A1 /* TwitterKitResources.bundle */ = {isa = PBXFileReference; lastKnownFileType = "wrapper.plug-in"; name = TwitterKitResources.bundle; path = TwitterKit.framework/Versions/A/Resources/TwitterKitResources.bundle; sourceTree = "<group>"; };
		6B166CD41E4714EA00E036A1 /* TwitterCore.framework */ = {isa = PBXFileReference; lastKnownFileType = wrapper.framework; path = TwitterCore.framework; sourceTree = "<group>"; };
		6BCA74D11E471301007C68AF /* rabbithouse.app */ = {isa = PBXFileReference; explicitFileType = wrapper.application; includeInIndex = 0; path = rabbithouse.app; sourceTree = BUILT_PRODUCTS_DIR; };
		6BCA74D41E471301007C68AF /* AppDelegate.swift */ = {isa = PBXFileReference; lastKnownFileType = sourcecode.swift; path = AppDelegate.swift; sourceTree = "<group>"; };
		6BCA74D61E471301007C68AF /* ViewController.swift */ = {isa = PBXFileReference; lastKnownFileType = sourcecode.swift; path = ViewController.swift; sourceTree = "<group>"; };
		6BCA74D91E471302007C68AF /* Base */ = {isa = PBXFileReference; lastKnownFileType = file.storyboard; name = Base; path = Base.lproj/Main.storyboard; sourceTree = "<group>"; };
		6BCA74DB1E471302007C68AF /* Assets.xcassets */ = {isa = PBXFileReference; lastKnownFileType = folder.assetcatalog; path = Assets.xcassets; sourceTree = "<group>"; };
		6BCA74DE1E471302007C68AF /* Base */ = {isa = PBXFileReference; lastKnownFileType = file.storyboard; name = Base; path = Base.lproj/LaunchScreen.storyboard; sourceTree = "<group>"; };
		6BCA74E01E471302007C68AF /* Info.plist */ = {isa = PBXFileReference; lastKnownFileType = text.plist.xml; path = Info.plist; sourceTree = "<group>"; };
		6BCA74E51E471302007C68AF /* rabbithouseTests.xctest */ = {isa = PBXFileReference; explicitFileType = wrapper.cfbundle; includeInIndex = 0; path = rabbithouseTests.xctest; sourceTree = BUILT_PRODUCTS_DIR; };
		6BCA74E91E471302007C68AF /* rabbithouseTests.swift */ = {isa = PBXFileReference; lastKnownFileType = sourcecode.swift; path = rabbithouseTests.swift; sourceTree = "<group>"; };
		6BCA74EB1E471302007C68AF /* Info.plist */ = {isa = PBXFileReference; lastKnownFileType = text.plist.xml; path = Info.plist; sourceTree = "<group>"; };
		6BCA74F01E471302007C68AF /* rabbithouseUITests.xctest */ = {isa = PBXFileReference; explicitFileType = wrapper.cfbundle; includeInIndex = 0; path = rabbithouseUITests.xctest; sourceTree = BUILT_PRODUCTS_DIR; };
		6BCA74F41E471302007C68AF /* rabbithouseUITests.swift */ = {isa = PBXFileReference; lastKnownFileType = sourcecode.swift; path = rabbithouseUITests.swift; sourceTree = "<group>"; };
		6BCA74F61E471302007C68AF /* Info.plist */ = {isa = PBXFileReference; lastKnownFileType = text.plist.xml; path = Info.plist; sourceTree = "<group>"; };
		8F44C939A0CFAD5CA2FA45B7 /* Pods-rabbithouseUITests.release.xcconfig */ = {isa = PBXFileReference; includeInIndex = 1; lastKnownFileType = text.xcconfig; name = "Pods-rabbithouseUITests.release.xcconfig"; path = "Pods/Target Support Files/Pods-rabbithouseUITests/Pods-rabbithouseUITests.release.xcconfig"; sourceTree = "<group>"; };
		ADD56EB5F23169DB69EDAAB0 /* Pods_rabbithouseTests.framework */ = {isa = PBXFileReference; explicitFileType = wrapper.framework; includeInIndex = 0; path = Pods_rabbithouseTests.framework; sourceTree = BUILT_PRODUCTS_DIR; };
/* End PBXFileReference section */

/* Begin PBXFrameworksBuildPhase section */
		6BCA74CE1E471301007C68AF /* Frameworks */ = {
			isa = PBXFrameworksBuildPhase;
			buildActionMask = 2147483647;
			files = (
				12B661F714851C230CDB1D01 /* Pods_rabbithouse.framework in Frameworks */,
				6B166CD81E4714EA00E036A1 /* TwitterCore.framework in Frameworks */,
				6B166CD51E4714EA00E036A1 /* Fabric.framework in Frameworks */,
				6B166CD61E4714EA00E036A1 /* TwitterKit.framework in Frameworks */,
			);
			runOnlyForDeploymentPostprocessing = 0;
		};
		6BCA74E21E471302007C68AF /* Frameworks */ = {
			isa = PBXFrameworksBuildPhase;
			buildActionMask = 2147483647;
			files = (
				9C9EA52A2EE04A4E820945A3 /* Pods_rabbithouseTests.framework in Frameworks */,
			);
			runOnlyForDeploymentPostprocessing = 0;
		};
		6BCA74ED1E471302007C68AF /* Frameworks */ = {
			isa = PBXFrameworksBuildPhase;
			buildActionMask = 2147483647;
			files = (
				E2315C3740B2DE7128AE47F9 /* Pods_rabbithouseUITests.framework in Frameworks */,
			);
			runOnlyForDeploymentPostprocessing = 0;
		};
/* End PBXFrameworksBuildPhase section */

/* Begin PBXGroup section */
		6BCA74C81E471301007C68AF = {
			isa = PBXGroup;
			children = (
				6BCA74D31E471301007C68AF /* rabbithouse */,
				6BCA74E81E471302007C68AF /* rabbithouseTests */,
				6BCA74F31E471302007C68AF /* rabbithouseUITests */,
				6BCA74D21E471301007C68AF /* Products */,
				EBFF8AFCCD22FEFC98DD03E5 /* Pods */,
				9273A983B17E53444C115678 /* Frameworks */,
			);
			sourceTree = "<group>";
		};
		6BCA74D21E471301007C68AF /* Products */ = {
			isa = PBXGroup;
			children = (
				6BCA74D11E471301007C68AF /* rabbithouse.app */,
				6BCA74E51E471302007C68AF /* rabbithouseTests.xctest */,
				6BCA74F01E471302007C68AF /* rabbithouseUITests.xctest */,
			);
			name = Products;
			sourceTree = "<group>";
		};
		6BCA74D31E471301007C68AF /* rabbithouse */ = {
			isa = PBXGroup;
			children = (
				6BCA74D41E471301007C68AF /* AppDelegate.swift */,
				6BCA74D61E471301007C68AF /* ViewController.swift */,
				6BCA74D81E471302007C68AF /* Main.storyboard */,
				6BCA74DB1E471302007C68AF /* Assets.xcassets */,
				6BCA74DD1E471302007C68AF /* LaunchScreen.storyboard */,
				6BCA74E01E471302007C68AF /* Info.plist */,
			);
			path = rabbithouse;
			sourceTree = "<group>";
		};
		6BCA74E81E471302007C68AF /* rabbithouseTests */ = {
			isa = PBXGroup;
			children = (
				6BCA74E91E471302007C68AF /* rabbithouseTests.swift */,
				6BCA74EB1E471302007C68AF /* Info.plist */,
			);
			path = rabbithouseTests;
			sourceTree = "<group>";
		};
		6BCA74F31E471302007C68AF /* rabbithouseUITests */ = {
			isa = PBXGroup;
			children = (
				6BCA74F41E471302007C68AF /* rabbithouseUITests.swift */,
				6BCA74F61E471302007C68AF /* Info.plist */,
			);
			path = rabbithouseUITests;
			sourceTree = "<group>";
		};
		9273A983B17E53444C115678 /* Frameworks */ = {
			isa = PBXGroup;
			children = (
				6B166CD11E4714EA00E036A1 /* Fabric.framework */,
				6B166CD21E4714EA00E036A1 /* TwitterKit.framework */,
				6B166CD31E4714EA00E036A1 /* TwitterKitResources.bundle */,
				6B166CD41E4714EA00E036A1 /* TwitterCore.framework */,
				3AC71AF1247DBC053672D7AE /* Pods_rabbithouse.framework */,
				ADD56EB5F23169DB69EDAAB0 /* Pods_rabbithouseTests.framework */,
				552F4574285CCA8BFD0A3AB7 /* Pods_rabbithouseUITests.framework */,
			);
			name = Frameworks;
			sourceTree = "<group>";
		};
		EBFF8AFCCD22FEFC98DD03E5 /* Pods */ = {
			isa = PBXGroup;
			children = (
				3642117480BE3D45C347B8B3 /* Pods-rabbithouse.debug.xcconfig */,
				1DFD5C62B1DB93AD0737F863 /* Pods-rabbithouse.release.xcconfig */,
				1ED664F7072B55EF5D0FA1A2 /* Pods-rabbithouseTests.debug.xcconfig */,
				4C89801EDE13DCE736E0F327 /* Pods-rabbithouseTests.release.xcconfig */,
				566E8B8BDA8F818D5E8829B4 /* Pods-rabbithouseUITests.debug.xcconfig */,
				8F44C939A0CFAD5CA2FA45B7 /* Pods-rabbithouseUITests.release.xcconfig */,
			);
			name = Pods;
			sourceTree = "<group>";
		};
/* End PBXGroup section */

/* Begin PBXNativeTarget section */
		6BCA74D01E471301007C68AF /* rabbithouse */ = {
			isa = PBXNativeTarget;
			buildConfigurationList = 6BCA74F91E471302007C68AF /* Build configuration list for PBXNativeTarget "rabbithouse" */;
			buildPhases = (
				214A6A32F6FF8CB8303E9587 /* [CP] Check Pods Manifest.lock */,
				6BCA74CD1E471301007C68AF /* Sources */,
				6BCA74CE1E471301007C68AF /* Frameworks */,
				6BCA74CF1E471301007C68AF /* Resources */,
				F0725BE9AE764A5F020FABD8 /* [CP] Embed Pods Frameworks */,
				5B2A0943C643F49DCF6A4146 /* [CP] Copy Pods Resources */,
				6B166CAD1E4713E900E036A1 /* ShellScript */,
			);
			buildRules = (
			);
			dependencies = (
			);
			name = rabbithouse;
			productName = rabbithouse;
			productReference = 6BCA74D11E471301007C68AF /* rabbithouse.app */;
			productType = "com.apple.product-type.application";
		};
		6BCA74E41E471302007C68AF /* rabbithouseTests */ = {
			isa = PBXNativeTarget;
			buildConfigurationList = 6BCA74FC1E471302007C68AF /* Build configuration list for PBXNativeTarget "rabbithouseTests" */;
			buildPhases = (
				FB9290129BB238A8F8C75950 /* [CP] Check Pods Manifest.lock */,
				6BCA74E11E471302007C68AF /* Sources */,
				6BCA74E21E471302007C68AF /* Frameworks */,
				6BCA74E31E471302007C68AF /* Resources */,
				B6FB0DE9038195AAD071E71A /* [CP] Embed Pods Frameworks */,
				658AF1675B8467ED572AFDE7 /* [CP] Copy Pods Resources */,
			);
			buildRules = (
			);
			dependencies = (
				6BCA74E71E471302007C68AF /* PBXTargetDependency */,
			);
			name = rabbithouseTests;
			productName = rabbithouseTests;
			productReference = 6BCA74E51E471302007C68AF /* rabbithouseTests.xctest */;
			productType = "com.apple.product-type.bundle.unit-test";
		};
		6BCA74EF1E471302007C68AF /* rabbithouseUITests */ = {
			isa = PBXNativeTarget;
			buildConfigurationList = 6BCA74FF1E471302007C68AF /* Build configuration list for PBXNativeTarget "rabbithouseUITests" */;
			buildPhases = (
				90853ECE5D0125C6BBA89C62 /* [CP] Check Pods Manifest.lock */,
				6BCA74EC1E471302007C68AF /* Sources */,
				6BCA74ED1E471302007C68AF /* Frameworks */,
				6BCA74EE1E471302007C68AF /* Resources */,
				A977FCB08FA20C6EB78E8099 /* [CP] Embed Pods Frameworks */,
				B1F650A68B59AF0769894441 /* [CP] Copy Pods Resources */,
			);
			buildRules = (
			);
			dependencies = (
				6BCA74F21E471302007C68AF /* PBXTargetDependency */,
			);
			name = rabbithouseUITests;
			productName = rabbithouseUITests;
			productReference = 6BCA74F01E471302007C68AF /* rabbithouseUITests.xctest */;
			productType = "com.apple.product-type.bundle.ui-testing";
		};
/* End PBXNativeTarget section */

/* Begin PBXProject section */
		6BCA74C91E471301007C68AF /* Project object */ = {
			isa = PBXProject;
			attributes = {
				LastSwiftUpdateCheck = 0820;
				LastUpgradeCheck = 0820;
				ORGANIZATIONNAME = sabazusi;
				TargetAttributes = {
					6BCA74D01E471301007C68AF = {
						CreatedOnToolsVersion = 8.2.1;
						ProvisioningStyle = Automatic;
					};
					6BCA74E41E471302007C68AF = {
						CreatedOnToolsVersion = 8.2.1;
						ProvisioningStyle = Automatic;
						TestTargetID = 6BCA74D01E471301007C68AF;
					};
					6BCA74EF1E471302007C68AF = {
						CreatedOnToolsVersion = 8.2.1;
						ProvisioningStyle = Automatic;
						TestTargetID = 6BCA74D01E471301007C68AF;
					};
				};
			};
			buildConfigurationList = 6BCA74CC1E471301007C68AF /* Build configuration list for PBXProject "rabbithouse" */;
			compatibilityVersion = "Xcode 3.2";
			developmentRegion = English;
			hasScannedForEncodings = 0;
			knownRegions = (
				en,
				Base,
			);
			mainGroup = 6BCA74C81E471301007C68AF;
			productRefGroup = 6BCA74D21E471301007C68AF /* Products */;
			projectDirPath = "";
			projectRoot = "";
			targets = (
				6BCA74D01E471301007C68AF /* rabbithouse */,
				6BCA74E41E471302007C68AF /* rabbithouseTests */,
				6BCA74EF1E471302007C68AF /* rabbithouseUITests */,
			);
		};
/* End PBXProject section */

/* Begin PBXResourcesBuildPhase section */
		6BCA74CF1E471301007C68AF /* Resources */ = {
			isa = PBXResourcesBuildPhase;
			buildActionMask = 2147483647;
			files = (
				6B166CD71E4714EA00E036A1 /* TwitterKitResources.bundle in Resources */,
				6BCA74DF1E471302007C68AF /* LaunchScreen.storyboard in Resources */,
				6BCA74DC1E471302007C68AF /* Assets.xcassets in Resources */,
				6BCA74DA1E471302007C68AF /* Main.storyboard in Resources */,
			);
			runOnlyForDeploymentPostprocessing = 0;
		};
		6BCA74E31E471302007C68AF /* Resources */ = {
			isa = PBXResourcesBuildPhase;
			buildActionMask = 2147483647;
			files = (
			);
			runOnlyForDeploymentPostprocessing = 0;
		};
		6BCA74EE1E471302007C68AF /* Resources */ = {
			isa = PBXResourcesBuildPhase;
			buildActionMask = 2147483647;
			files = (
			);
			runOnlyForDeploymentPostprocessing = 0;
		};
/* End PBXResourcesBuildPhase section */

/* Begin PBXShellScriptBuildPhase section */
		214A6A32F6FF8CB8303E9587 /* [CP] Check Pods Manifest.lock */ = {
			isa = PBXShellScriptBuildPhase;
			buildActionMask = 2147483647;
			files = (
			);
			inputPaths = (
			);
			name = "[CP] Check Pods Manifest.lock";
			outputPaths = (
			);
			runOnlyForDeploymentPostprocessing = 0;
			shellPath = /bin/sh;
			shellScript = "diff \"${PODS_ROOT}/../Podfile.lock\" \"${PODS_ROOT}/Manifest.lock\" > /dev/null\nif [ $? != 0 ] ; then\n    # print error to STDERR\n    echo \"error: The sandbox is not in sync with the Podfile.lock. Run 'pod install' or update your CocoaPods installation.\" >&2\n    exit 1\nfi\n";
			showEnvVarsInLog = 0;
		};
		5B2A0943C643F49DCF6A4146 /* [CP] Copy Pods Resources */ = {
			isa = PBXShellScriptBuildPhase;
			buildActionMask = 2147483647;
			files = (
			);
			inputPaths = (
			);
			name = "[CP] Copy Pods Resources";
			outputPaths = (
			);
			runOnlyForDeploymentPostprocessing = 0;
			shellPath = /bin/sh;
			shellScript = "\"${SRCROOT}/Pods/Target Support Files/Pods-rabbithouse/Pods-rabbithouse-resources.sh\"\n";
			showEnvVarsInLog = 0;
		};
		658AF1675B8467ED572AFDE7 /* [CP] Copy Pods Resources */ = {
			isa = PBXShellScriptBuildPhase;
			buildActionMask = 2147483647;
			files = (
			);
			inputPaths = (
			);
			name = "[CP] Copy Pods Resources";
			outputPaths = (
			);
			runOnlyForDeploymentPostprocessing = 0;
			shellPath = /bin/sh;
			shellScript = "\"${SRCROOT}/Pods/Target Support Files/Pods-rabbithouseTests/Pods-rabbithouseTests-resources.sh\"\n";
			showEnvVarsInLog = 0;
		};
		6B166CAD1E4713E900E036A1 /* ShellScript */ = {
			isa = PBXShellScriptBuildPhase;
			buildActionMask = 2147483647;
			files = (
			);
			inputPaths = (
			);
			outputPaths = (
			);
			runOnlyForDeploymentPostprocessing = 0;
			shellPath = /bin/sh;
			shellScript = "./Fabric.framework/run 944b911258b6ca1abb81a44002399f6dc54bc24f 27921938bcfba95744a924656bcd6590fd434f5f6f4587d2d6cf6a340221f6d9";
		};
		90853ECE5D0125C6BBA89C62 /* [CP] Check Pods Manifest.lock */ = {
			isa = PBXShellScriptBuildPhase;
			buildActionMask = 2147483647;
			files = (
			);
			inputPaths = (
			);
			name = "[CP] Check Pods Manifest.lock";
			outputPaths = (
			);
			runOnlyForDeploymentPostprocessing = 0;
			shellPath = /bin/sh;
			shellScript = "diff \"${PODS_ROOT}/../Podfile.lock\" \"${PODS_ROOT}/Manifest.lock\" > /dev/null\nif [ $? != 0 ] ; then\n    # print error to STDERR\n    echo \"error: The sandbox is not in sync with the Podfile.lock. Run 'pod install' or update your CocoaPods installation.\" >&2\n    exit 1\nfi\n";
			showEnvVarsInLog = 0;
		};
		A977FCB08FA20C6EB78E8099 /* [CP] Embed Pods Frameworks */ = {
			isa = PBXShellScriptBuildPhase;
			buildActionMask = 2147483647;
			files = (
			);
			inputPaths = (
			);
			name = "[CP] Embed Pods Frameworks";
			outputPaths = (
			);
			runOnlyForDeploymentPostprocessing = 0;
			shellPath = /bin/sh;
			shellScript = "\"${SRCROOT}/Pods/Target Support Files/Pods-rabbithouseUITests/Pods-rabbithouseUITests-frameworks.sh\"\n";
			showEnvVarsInLog = 0;
		};
		B1F650A68B59AF0769894441 /* [CP] Copy Pods Resources */ = {
			isa = PBXShellScriptBuildPhase;
			buildActionMask = 2147483647;
			files = (
			);
			inputPaths = (
			);
			name = "[CP] Copy Pods Resources";
			outputPaths = (
			);
			runOnlyForDeploymentPostprocessing = 0;
			shellPath = /bin/sh;
			shellScript = "\"${SRCROOT}/Pods/Target Support Files/Pods-rabbithouseUITests/Pods-rabbithouseUITests-resources.sh\"\n";
			showEnvVarsInLog = 0;
		};
		B6FB0DE9038195AAD071E71A /* [CP] Embed Pods Frameworks */ = {
			isa = PBXShellScriptBuildPhase;
			buildActionMask = 2147483647;
			files = (
			);
			inputPaths = (
			);
			name = "[CP] Embed Pods Frameworks";
			outputPaths = (
			);
			runOnlyForDeploymentPostprocessing = 0;
			shellPath = /bin/sh;
			shellScript = "\"${SRCROOT}/Pods/Target Support Files/Pods-rabbithouseTests/Pods-rabbithouseTests-frameworks.sh\"\n";
			showEnvVarsInLog = 0;
		};
		F0725BE9AE764A5F020FABD8 /* [CP] Embed Pods Frameworks */ = {
			isa = PBXShellScriptBuildPhase;
			buildActionMask = 2147483647;
			files = (
			);
			inputPaths = (
			);
			name = "[CP] Embed Pods Frameworks";
			outputPaths = (
			);
			runOnlyForDeploymentPostprocessing = 0;
			shellPath = /bin/sh;
			shellScript = "\"${SRCROOT}/Pods/Target Support Files/Pods-rabbithouse/Pods-rabbithouse-frameworks.sh\"\n";
			showEnvVarsInLog = 0;
		};
		FB9290129BB238A8F8C75950 /* [CP] Check Pods Manifest.lock */ = {
			isa = PBXShellScriptBuildPhase;
			buildActionMask = 2147483647;
			files = (
			);
			inputPaths = (
			);
			name = "[CP] Check Pods Manifest.lock";
			outputPaths = (
			);
			runOnlyForDeploymentPostprocessing = 0;
			shellPath = /bin/sh;
			shellScript = "diff \"${PODS_ROOT}/../Podfile.lock\" \"${PODS_ROOT}/Manifest.lock\" > /dev/null\nif [ $? != 0 ] ; then\n    # print error to STDERR\n    echo \"error: The sandbox is not in sync with the Podfile.lock. Run 'pod install' or update your CocoaPods installation.\" >&2\n    exit 1\nfi\n";
			showEnvVarsInLog = 0;
		};
/* End PBXShellScriptBuildPhase section */

/* Begin PBXSourcesBuildPhase section */
		6BCA74CD1E471301007C68AF /* Sources */ = {
			isa = PBXSourcesBuildPhase;
			buildActionMask = 2147483647;
			files = (
				6BCA74D71E471301007C68AF /* ViewController.swift in Sources */,
				6BCA74D51E471301007C68AF /* AppDelegate.swift in Sources */,
			);
			runOnlyForDeploymentPostprocessing = 0;
		};
		6BCA74E11E471302007C68AF /* Sources */ = {
			isa = PBXSourcesBuildPhase;
			buildActionMask = 2147483647;
			files = (
				6BCA74EA1E471302007C68AF /* rabbithouseTests.swift in Sources */,
			);
			runOnlyForDeploymentPostprocessing = 0;
		};
		6BCA74EC1E471302007C68AF /* Sources */ = {
			isa = PBXSourcesBuildPhase;
			buildActionMask = 2147483647;
			files = (
				6BCA74F51E471302007C68AF /* rabbithouseUITests.swift in Sources */,
			);
			runOnlyForDeploymentPostprocessing = 0;
		};
/* End PBXSourcesBuildPhase section */

/* Begin PBXTargetDependency section */
		6BCA74E71E471302007C68AF /* PBXTargetDependency */ = {
			isa = PBXTargetDependency;
			target = 6BCA74D01E471301007C68AF /* rabbithouse */;
			targetProxy = 6BCA74E61E471302007C68AF /* PBXContainerItemProxy */;
		};
		6BCA74F21E471302007C68AF /* PBXTargetDependency */ = {
			isa = PBXTargetDependency;
			target = 6BCA74D01E471301007C68AF /* rabbithouse */;
			targetProxy = 6BCA74F11E471302007C68AF /* PBXContainerItemProxy */;
		};
/* End PBXTargetDependency section */

/* Begin PBXVariantGroup section */
		6BCA74D81E471302007C68AF /* Main.storyboard */ = {
			isa = PBXVariantGroup;
			children = (
				6BCA74D91E471302007C68AF /* Base */,
			);
			name = Main.storyboard;
			sourceTree = "<group>";
		};
		6BCA74DD1E471302007C68AF /* LaunchScreen.storyboard */ = {
			isa = PBXVariantGroup;
			children = (
				6BCA74DE1E471302007C68AF /* Base */,
			);
			name = LaunchScreen.storyboard;
			sourceTree = "<group>";
		};
/* End PBXVariantGroup section */

/* Begin XCBuildConfiguration section */
		6BCA74F71E471302007C68AF /* Debug */ = {
			isa = XCBuildConfiguration;
			buildSettings = {
				ALWAYS_SEARCH_USER_PATHS = NO;
				CLANG_ANALYZER_NONNULL = YES;
				CLANG_CXX_LANGUAGE_STANDARD = "gnu++0x";
				CLANG_CXX_LIBRARY = "libc++";
				CLANG_ENABLE_MODULES = YES;
				CLANG_ENABLE_OBJC_ARC = YES;
				CLANG_WARN_BOOL_CONVERSION = YES;
				CLANG_WARN_CONSTANT_CONVERSION = YES;
				CLANG_WARN_DIRECT_OBJC_ISA_USAGE = YES_ERROR;
				CLANG_WARN_DOCUMENTATION_COMMENTS = YES;
				CLANG_WARN_EMPTY_BODY = YES;
				CLANG_WARN_ENUM_CONVERSION = YES;
				CLANG_WARN_INFINITE_RECURSION = YES;
				CLANG_WARN_INT_CONVERSION = YES;
				CLANG_WARN_OBJC_ROOT_CLASS = YES_ERROR;
				CLANG_WARN_SUSPICIOUS_MOVE = YES;
				CLANG_WARN_UNREACHABLE_CODE = YES;
				CLANG_WARN__DUPLICATE_METHOD_MATCH = YES;
				"CODE_SIGN_IDENTITY[sdk=iphoneos*]" = "iPhone Developer";
				COPY_PHASE_STRIP = NO;
				DEBUG_INFORMATION_FORMAT = dwarf;
				ENABLE_STRICT_OBJC_MSGSEND = YES;
				ENABLE_TESTABILITY = YES;
				GCC_C_LANGUAGE_STANDARD = gnu99;
				GCC_DYNAMIC_NO_PIC = NO;
				GCC_NO_COMMON_BLOCKS = YES;
				GCC_OPTIMIZATION_LEVEL = 0;
				GCC_PREPROCESSOR_DEFINITIONS = (
					"DEBUG=1",
					"$(inherited)",
				);
				GCC_WARN_64_TO_32_BIT_CONVERSION = YES;
				GCC_WARN_ABOUT_RETURN_TYPE = YES_ERROR;
				GCC_WARN_UNDECLARED_SELECTOR = YES;
				GCC_WARN_UNINITIALIZED_AUTOS = YES_AGGRESSIVE;
				GCC_WARN_UNUSED_FUNCTION = YES;
				GCC_WARN_UNUSED_VARIABLE = YES;
				IPHONEOS_DEPLOYMENT_TARGET = 10.2;
				MTL_ENABLE_DEBUG_INFO = YES;
				ONLY_ACTIVE_ARCH = YES;
				SDKROOT = iphoneos;
				SWIFT_ACTIVE_COMPILATION_CONDITIONS = DEBUG;
				SWIFT_OPTIMIZATION_LEVEL = "-Onone";
			};
			name = Debug;
		};
		6BCA74F81E471302007C68AF /* Release */ = {
			isa = XCBuildConfiguration;
			buildSettings = {
				ALWAYS_SEARCH_USER_PATHS = NO;
				CLANG_ANALYZER_NONNULL = YES;
				CLANG_CXX_LANGUAGE_STANDARD = "gnu++0x";
				CLANG_CXX_LIBRARY = "libc++";
				CLANG_ENABLE_MODULES = YES;
				CLANG_ENABLE_OBJC_ARC = YES;
				CLANG_WARN_BOOL_CONVERSION = YES;
				CLANG_WARN_CONSTANT_CONVERSION = YES;
				CLANG_WARN_DIRECT_OBJC_ISA_USAGE = YES_ERROR;
				CLANG_WARN_DOCUMENTATION_COMMENTS = YES;
				CLANG_WARN_EMPTY_BODY = YES;
				CLANG_WARN_ENUM_CONVERSION = YES;
				CLANG_WARN_INFINITE_RECURSION = YES;
				CLANG_WARN_INT_CONVERSION = YES;
				CLANG_WARN_OBJC_ROOT_CLASS = YES_ERROR;
				CLANG_WARN_SUSPICIOUS_MOVE = YES;
				CLANG_WARN_UNREACHABLE_CODE = YES;
				CLANG_WARN__DUPLICATE_METHOD_MATCH = YES;
				"CODE_SIGN_IDENTITY[sdk=iphoneos*]" = "iPhone Developer";
				COPY_PHASE_STRIP = NO;
				DEBUG_INFORMATION_FORMAT = "dwarf-with-dsym";
				ENABLE_NS_ASSERTIONS = NO;
				ENABLE_STRICT_OBJC_MSGSEND = YES;
				GCC_C_LANGUAGE_STANDARD = gnu99;
				GCC_NO_COMMON_BLOCKS = YES;
				GCC_WARN_64_TO_32_BIT_CONVERSION = YES;
				GCC_WARN_ABOUT_RETURN_TYPE = YES_ERROR;
				GCC_WARN_UNDECLARED_SELECTOR = YES;
				GCC_WARN_UNINITIALIZED_AUTOS = YES_AGGRESSIVE;
				GCC_WARN_UNUSED_FUNCTION = YES;
				GCC_WARN_UNUSED_VARIABLE = YES;
				IPHONEOS_DEPLOYMENT_TARGET = 10.2;
				MTL_ENABLE_DEBUG_INFO = NO;
				SDKROOT = iphoneos;
				SWIFT_OPTIMIZATION_LEVEL = "-Owholemodule";
				VALIDATE_PRODUCT = YES;
			};
			name = Release;
		};
		6BCA74FA1E471302007C68AF /* Debug */ = {
			isa = XCBuildConfiguration;
			baseConfigurationReference = 3642117480BE3D45C347B8B3 /* Pods-rabbithouse.debug.xcconfig */;
			buildSettings = {
				ASSETCATALOG_COMPILER_APPICON_NAME = AppIcon;
				FRAMEWORK_SEARCH_PATHS = (
					"$(inherited)",
					"$(PROJECT_DIR)",
				);
				INFOPLIST_FILE = rabbithouse/Info.plist;
				LD_RUNPATH_SEARCH_PATHS = "$(inherited) @executable_path/Frameworks";
				PRODUCT_BUNDLE_IDENTIFIER = sabazusi.rabbithouse;
				PRODUCT_NAME = "$(TARGET_NAME)";
				SWIFT_VERSION = 3.0;
			};
			name = Debug;
		};
		6BCA74FB1E471302007C68AF /* Release */ = {
			isa = XCBuildConfiguration;
			baseConfigurationReference = 1DFD5C62B1DB93AD0737F863 /* Pods-rabbithouse.release.xcconfig */;
			buildSettings = {
				ASSETCATALOG_COMPILER_APPICON_NAME = AppIcon;
				FRAMEWORK_SEARCH_PATHS = (
					"$(inherited)",
					"$(PROJECT_DIR)",
				);
				INFOPLIST_FILE = rabbithouse/Info.plist;
				LD_RUNPATH_SEARCH_PATHS = "$(inherited) @executable_path/Frameworks";
				PRODUCT_BUNDLE_IDENTIFIER = sabazusi.rabbithouse;
				PRODUCT_NAME = "$(TARGET_NAME)";
				SWIFT_VERSION = 3.0;
			};
			name = Release;
		};
		6BCA74FD1E471302007C68AF /* Debug */ = {
			isa = XCBuildConfiguration;
			baseConfigurationReference = 1ED664F7072B55EF5D0FA1A2 /* Pods-rabbithouseTests.debug.xcconfig */;
			buildSettings = {
				ALWAYS_EMBED_SWIFT_STANDARD_LIBRARIES = YES;
				BUNDLE_LOADER = "$(TEST_HOST)";
				INFOPLIST_FILE = rabbithouseTests/Info.plist;
				LD_RUNPATH_SEARCH_PATHS = "$(inherited) @executable_path/Frameworks @loader_path/Frameworks";
				PRODUCT_BUNDLE_IDENTIFIER = sabazusi.rabbithouseTests;
				PRODUCT_NAME = "$(TARGET_NAME)";
				SWIFT_VERSION = 3.0;
				TEST_HOST = "$(BUILT_PRODUCTS_DIR)/rabbithouse.app/rabbithouse";
			};
			name = Debug;
		};
		6BCA74FE1E471302007C68AF /* Release */ = {
			isa = XCBuildConfiguration;
			baseConfigurationReference = 4C89801EDE13DCE736E0F327 /* Pods-rabbithouseTests.release.xcconfig */;
			buildSettings = {
				ALWAYS_EMBED_SWIFT_STANDARD_LIBRARIES = YES;
				BUNDLE_LOADER = "$(TEST_HOST)";
				INFOPLIST_FILE = rabbithouseTests/Info.plist;
				LD_RUNPATH_SEARCH_PATHS = "$(inherited) @executable_path/Frameworks @loader_path/Frameworks";
				PRODUCT_BUNDLE_IDENTIFIER = sabazusi.rabbithouseTests;
				PRODUCT_NAME = "$(TARGET_NAME)";
				SWIFT_VERSION = 3.0;
				TEST_HOST = "$(BUILT_PRODUCTS_DIR)/rabbithouse.app/rabbithouse";
			};
			name = Release;
		};
		6BCA75001E471302007C68AF /* Debug */ = {
			isa = XCBuildConfiguration;
			baseConfigurationReference = 566E8B8BDA8F818D5E8829B4 /* Pods-rabbithouseUITests.debug.xcconfig */;
			buildSettings = {
				ALWAYS_EMBED_SWIFT_STANDARD_LIBRARIES = YES;
				INFOPLIST_FILE = rabbithouseUITests/Info.plist;
				LD_RUNPATH_SEARCH_PATHS = "$(inherited) @executable_path/Frameworks @loader_path/Frameworks";
				PRODUCT_BUNDLE_IDENTIFIER = sabazusi.rabbithouseUITests;
				PRODUCT_NAME = "$(TARGET_NAME)";
				SWIFT_VERSION = 3.0;
				TEST_TARGET_NAME = rabbithouse;
			};
			name = Debug;
		};
		6BCA75011E471302007C68AF /* Release */ = {
			isa = XCBuildConfiguration;
			baseConfigurationReference = 8F44C939A0CFAD5CA2FA45B7 /* Pods-rabbithouseUITests.release.xcconfig */;
			buildSettings = {
				ALWAYS_EMBED_SWIFT_STANDARD_LIBRARIES = YES;
				INFOPLIST_FILE = rabbithouseUITests/Info.plist;
				LD_RUNPATH_SEARCH_PATHS = "$(inherited) @executable_path/Frameworks @loader_path/Frameworks";
				PRODUCT_BUNDLE_IDENTIFIER = sabazusi.rabbithouseUITests;
				PRODUCT_NAME = "$(TARGET_NAME)";
				SWIFT_VERSION = 3.0;
				TEST_TARGET_NAME = rabbithouse;
			};
			name = Release;
		};
/* End XCBuildConfiguration section */

/* Begin XCConfigurationList section */
		6BCA74CC1E471301007C68AF /* Build configuration list for PBXProject "rabbithouse" */ = {
			isa = XCConfigurationList;
			buildConfigurations = (
				6BCA74F71E471302007C68AF /* Debug */,
				6BCA74F81E471302007C68AF /* Release */,
			);
			defaultConfigurationIsVisible = 0;
			defaultConfigurationName = Release;
		};
		6BCA74F91E471302007C68AF /* Build configuration list for PBXNativeTarget "rabbithouse" */ = {
			isa = XCConfigurationList;
			buildConfigurations = (
				6BCA74FA1E471302007C68AF /* Debug */,
				6BCA74FB1E471302007C68AF /* Release */,
			);
			defaultConfigurationIsVisible = 0;
			defaultConfigurationName = Release;
		};
		6BCA74FC1E471302007C68AF /* Build configuration list for PBXNativeTarget "rabbithouseTests" */ = {
			isa = XCConfigurationList;
			buildConfigurations = (
				6BCA74FD1E471302007C68AF /* Debug */,
				6BCA74FE1E471302007C68AF /* Release */,
			);
			defaultConfigurationIsVisible = 0;
			defaultConfigurationName = Release;
		};
		6BCA74FF1E471302007C68AF /* Build configuration list for PBXNativeTarget "rabbithouseUITests" */ = {
			isa = XCConfigurationList;
			buildConfigurations = (
				6BCA75001E471302007C68AF /* Debug */,
				6BCA75011E471302007C68AF /* Release */,
			);
			defaultConfigurationIsVisible = 0;
			defaultConfigurationName = Release;
		};
/* End XCConfigurationList section */
	};
	rootObject = 6BCA74C91E471301007C68AF /* Project object */;
}
